
Microsoft Visual Studio Solution File, Format Version 12.00
# Visual Studio 15
VisualStudioVersion = 15.0.28307.168
MinimumVisualStudioVersion = 10.0.40219.1
Project("{2150E333-8FDC-42A3-9474-1A3956D46DE8}") = ".solution", ".solution", "{D54185D8-5D62-4301-885E-5B429F8CA4D7}"
	ProjectSection(SolutionItems) = preProject
		.gitignore = .gitignore
		appveyor.yml = appveyor.yml
		LICENSE = LICENSE
		README.md = README.md
	EndProjectSection
EndProject
Project("{2150E333-8FDC-42A3-9474-1A3956D46DE8}") = ".tests", ".tests", "{ED28188F-64A8-4505-B225-4CB3BD3199A6}"
EndProject
Project("{9A19103F-16F7-4668-BE54-9A1E7A4F7556}") = "Tests.SlackHook", ".tests\Tests.SlackHook\Tests.SlackHook.csproj", "{89649FD8-E56D-4E0A-981B-68C088B9043D}"
EndProject
Project("{9A19103F-16F7-4668-BE54-9A1E7A4F7556}") = "SlackHook", "SlackHook\SlackHook.csproj", "{256F6444-7B4A-4BA8-ADA5-6DF715F80E5B}"
EndProject
Global
	GlobalSection(SolutionConfigurationPlatforms) = preSolution
		Debug|Any CPU = Debug|Any CPU
		Release|Any CPU = Release|Any CPU
	EndGlobalSection
	GlobalSection(ProjectConfigurationPlatforms) = postSolution
		{89649FD8-E56D-4E0A-981B-68C088B9043D}.Debug|Any CPU.ActiveCfg = Debug|Any CPU
		{89649FD8-E56D-4E0A-981B-68C088B9043D}.Debug|Any CPU.Build.0 = Debug|Any CPU
		{89649FD8-E56D-4E0A-981B-68C088B9043D}.Release|Any CPU.ActiveCfg = Release|Any CPU
		{89649FD8-E56D-4E0A-981B-68C088B9043D}.Release|Any CPU.Build.0 = Release|Any CPU
		{256F6444-7B4A-4BA8-ADA5-6DF715F80E5B}.Debug|Any CPU.ActiveCfg = Debug|Any CPU
		{256F6444-7B4A-4BA8-ADA5-6DF715F80E5B}.Debug|Any CPU.Build.0 = Debug|Any CPU
		{256F6444-7B4A-4BA8-ADA5-6DF715F80E5B}.Release|Any CPU.ActiveCfg = Release|Any CPU
		{256F6444-7B4A-4BA8-ADA5-6DF715F80E5B}.Release|Any CPU.Build.0 = Release|Any CPU
	EndGlobalSection
	GlobalSection(SolutionProperties) = preSolution
		HideSolutionNode = FALSE
	EndGlobalSection
	GlobalSection(NestedProjects) = preSolution
		{89649FD8-E56D-4E0A-981B-68C088B9043D} = {ED28188F-64A8-4505-B225-4CB3BD3199A6}
	EndGlobalSection
	GlobalSection(ExtensibilityGlobals) = postSolution
		SolutionGuid = {40E1FF7E-7E8A-420F-98E0-5AEA62C3205A}
	EndGlobalSection
EndGlobal
